
Microsoft Visual Studio Solution File, Format Version 12.00
# Visual Studio Version 17
VisualStudioVersion = 17.11.35312.102
MinimumVisualStudioVersion = 10.0.40219.1
Project("{888888A0-9F3D-457C-B088-3A5042F75D52}") = "Lab 3.5", "Lab 3.5\Lab 3.5.pyproj", "{37753C54-4D23-47E8-97B4-42FE07B0C7AF}"
EndProject
Global
	GlobalSection(SolutionConfigurationPlatforms) = preSolution
		Debug|Any CPU = Debug|Any CPU
		Release|Any CPU = Release|Any CPU
	EndGlobalSection
	GlobalSection(ProjectConfigurationPlatforms) = postSolution
		{37753C54-4D23-47E8-97B4-42FE07B0C7AF}.Debug|Any CPU.ActiveCfg = Debug|Any CPU
		{37753C54-4D23-47E8-97B4-42FE07B0C7AF}.Release|Any CPU.ActiveCfg = Release|Any CPU
	EndGlobalSection
	GlobalSection(SolutionProperties) = preSolution
		HideSolutionNode = FALSE
	EndGlobalSection
	GlobalSection(ExtensibilityGlobals) = postSolution
		SolutionGuid = {C9A8A717-E609-4597-BB0D-24028D31B74A}
	EndGlobalSection
EndGlobal
