
Microsoft Visual Studio Solution File, Format Version 12.00
# Visual Studio Version 17
VisualStudioVersion = 17.11.35312.102
MinimumVisualStudioVersion = 10.0.40219.1
Project("{888888A0-9F3D-457C-B088-3A5042F75D52}") = "Lab 5.2", "Lab 5.2\Lab 5.2.pyproj", "{9F505A45-B810-43B0-8DCE-80A3CF2BA071}"
EndProject
Global
	GlobalSection(SolutionConfigurationPlatforms) = preSolution
		Debug|Any CPU = Debug|Any CPU
		Release|Any CPU = Release|Any CPU
	EndGlobalSection
	GlobalSection(ProjectConfigurationPlatforms) = postSolution
		{9F505A45-B810-43B0-8DCE-80A3CF2BA071}.Debug|Any CPU.ActiveCfg = Debug|Any CPU
		{9F505A45-B810-43B0-8DCE-80A3CF2BA071}.Release|Any CPU.ActiveCfg = Release|Any CPU
	EndGlobalSection
	GlobalSection(SolutionProperties) = preSolution
		HideSolutionNode = FALSE
	EndGlobalSection
	GlobalSection(ExtensibilityGlobals) = postSolution
		SolutionGuid = {306CCB82-D97F-4629-9531-4FF56E87789B}
	EndGlobalSection
EndGlobal
