
Microsoft Visual Studio Solution File, Format Version 12.00
# Visual Studio Version 17
VisualStudioVersion = 17.11.35312.102
MinimumVisualStudioVersion = 10.0.40219.1
Project("{888888A0-9F3D-457C-B088-3A5042F75D52}") = "Lab 2.15", "Lab 2.15\Lab 2.15.pyproj", "{7EC798BD-4E62-4E65-AEAB-346D236413A2}"
EndProject
Global
	GlobalSection(SolutionConfigurationPlatforms) = preSolution
		Debug|Any CPU = Debug|Any CPU
		Release|Any CPU = Release|Any CPU
	EndGlobalSection
	GlobalSection(ProjectConfigurationPlatforms) = postSolution
		{7EC798BD-4E62-4E65-AEAB-346D236413A2}.Debug|Any CPU.ActiveCfg = Debug|Any CPU
		{7EC798BD-4E62-4E65-AEAB-346D236413A2}.Release|Any CPU.ActiveCfg = Release|Any CPU
	EndGlobalSection
	GlobalSection(SolutionProperties) = preSolution
		HideSolutionNode = FALSE
	EndGlobalSection
	GlobalSection(ExtensibilityGlobals) = postSolution
		SolutionGuid = {708A8A2D-DE3A-473E-AADD-1144A41C18A7}
	EndGlobalSection
EndGlobal
